
Microsoft Visual Studio Solution File, Format Version 12.00
# Visual Studio Version 17
VisualStudioVersion = 17.12.35209.166
MinimumVisualStudioVersion = 10.0.40219.1
Project("{FAE04EC0-301F-11D3-BF4B-00C04F79EFBC}") = "Casino", "Casino\Casino.csproj", "{A3AF8C06-E7E7-4135-8F4D-F80F9C4CA0DC}"
EndProject
Project("{FAE04EC0-301F-11D3-BF4B-00C04F79EFBC}") = "Casino.Client", "Casino.Client\Casino.Client.csproj", "{7737A3A9-1F4C-4A5A-AE67-4ACB78026862}"
EndProject
Global
	GlobalSection(SolutionConfigurationPlatforms) = preSolution
		Debug|Any CPU = Debug|Any CPU
		Release|Any CPU = Release|Any CPU
	EndGlobalSection
	GlobalSection(ProjectConfigurationPlatforms) = postSolution
		{A3AF8C06-E7E7-4135-8F4D-F80F9C4CA0DC}.Debug|Any CPU.ActiveCfg = Debug|Any CPU
		{A3AF8C06-E7E7-4135-8F4D-F80F9C4CA0DC}.Debug|Any CPU.Build.0 = Debug|Any CPU
		{A3AF8C06-E7E7-4135-8F4D-F80F9C4CA0DC}.Release|Any CPU.ActiveCfg = Release|Any CPU
		{A3AF8C06-E7E7-4135-8F4D-F80F9C4CA0DC}.Release|Any CPU.Build.0 = Release|Any CPU
		{7737A3A9-1F4C-4A5A-AE67-4ACB78026862}.Debug|Any CPU.ActiveCfg = Debug|Any CPU
		{7737A3A9-1F4C-4A5A-AE67-4ACB78026862}.Debug|Any CPU.Build.0 = Debug|Any CPU
		{7737A3A9-1F4C-4A5A-AE67-4ACB78026862}.Release|Any CPU.ActiveCfg = Release|Any CPU
		{7737A3A9-1F4C-4A5A-AE67-4ACB78026862}.Release|Any CPU.Build.0 = Release|Any CPU
	EndGlobalSection
	GlobalSection(SolutionProperties) = preSolution
		HideSolutionNode = FALSE
	EndGlobalSection
	GlobalSection(ExtensibilityGlobals) = postSolution
		SolutionGuid = {54F335B9-A588-444F-83D6-F808E5BD031A}
	EndGlobalSection
EndGlobal
